# This file is automatically @generated by Cargo.
# It is not intended for manual editing.
version = 4

[[package]]
name = "kv-guest"
version = "0.0.0"
dependencies = [
 "rill-guest",
]

[[package]]
name = "rill-guest"
version = "0.0.0"

[[package]]
name = "seq-guest"
version = "0.0.0"
dependencies = [
 "rill-guest",
]

[[package]]
name = "ui-guest"
version = "0.0.0"
dependencies = [
 "rill-guest",
]
