# This file is automatically @generated by Cargo.
# It is not intended for manual editing.
version = 4

[[package]]
name = "allocator-api2"
version = "0.4.0"
source = "registry+https://github.com/rust-lang/crates.io-index"
checksum = "c880a97d28a3681c0267bd29cff89621202715b065127cd445fa0f0fe0aa2880"

[[package]]
name = "asset-guest"
version = "0.0.0"
dependencies = [
 "rill-guest",
]

[[package]]
name = "canvas-escape-guest"
version = "0.0.0"
dependencies = [
 "rill-guest",
]

[[package]]
name = "canvas-gpu-guest"
version = "0.0.0"
dependencies = [
 "rill-guest",
]

[[package]]
name = "canvas-guest"
version = "0.0.0"
dependencies = [
 "rill-guest",
]

[[package]]
name = "canvas-present-guest"
version = "0.0.0"
dependencies = [
 "rill-guest",
]

[[package]]
name = "event-guest"
version = "0.0.0"
dependencies = [
 "rill-guest",
]

[[package]]
name = "heap-churn-guest"
version = "0.0.0"
dependencies = [
 "rill-guest",
]

[[package]]
name = "kv-guest"
version = "0.0.0"
dependencies = [
 "rill-guest",
]

[[package]]
name = "lock_api"
version = "0.4.14"
source = "registry+https://github.com/rust-lang/crates.io-index"
checksum = "224399e74b87b5f3557511d98dff8b14089b3dadafcab6bb93eab67d3aace965"
dependencies = [
 "scopeguard",
]

[[package]]
name = "rill-guest"
version = "0.0.0"
dependencies = [
 "talc",
]

[[package]]
name = "scopeguard"
version = "1.2.0"
source = "registry+https://github.com/rust-lang/crates.io-index"
checksum = "94143f37725109f92c262ed2cf5e59bce7498c01bcc1502d7b9afe439a4e9f49"

[[package]]
name = "seq-guest"
version = "0.0.0"
dependencies = [
 "rill-guest",
]

[[package]]
name = "talc"
version = "5.0.4"
source = "registry+https://github.com/rust-lang/crates.io-index"
checksum = "40a5888b3189a89207eea4190e74387b5db3150d213f84186cac637dcd55259d"
dependencies = [
 "allocator-api2",
 "lock_api",
]

[[package]]
name = "ui-guest"
version = "0.0.0"
dependencies = [
 "rill-guest",
]
